PODS:
  - AFDateHelper (4.2.7)
  - Alamofire (4.7.3)
  - AlamofireImage (3.4.1):
    - Alamofire (~> 4.7)
  - BigInt (3.1.0):
    - SipHash (~> 1.2)
  - Crashlytics (3.12.0):
    - Fabric (~> 1.9.0)
  - CryptoSwift (0.14.0)
  - Differentiator (3.1.0)
  - Fabric (1.9.0)
  - KeychainSwift (12.0.0)
  - MarqueeLabel/Swift (3.2.0)
  - MinterCore (0.1.19):
    - Alamofire (= 4.7.3)
    - BigInt (~> 3.0)
    - CryptoSwift (~> 0.9)
    - ObjectMapper (~> 3.1)
    - secp256k1.swift (~> 0.1)
  - MinterExplorer (0.1.11):
    - MinterCore
  - MinterMy (0.1.4):
    - MinterCore
  - NotificationBannerSwift (1.8.0):
    - MarqueeLabel/Swift (~> 3.2.0)
    - SnapKit (~> 4.0.1)
  - ObjectMapper (3.4.2)
  - ReachabilitySwift (4.3.0)
  - Realm (3.11.0):
    - Realm/Headers (= 3.11.0)
  - Realm/Headers (3.11.0)
  - RealmSwift (3.11.0):
    - Realm (= 3.11.0)
  - RxAppState (1.2.0):
    - RxCocoa (~> 4.3)
    - RxSwift (~> 4.3)
  - RxCocoa (4.4.1):
    - RxSwift (~> 4.0)
  - RxDataSources (3.1.0):
    - Differentiator (~> 3.0)
    - RxCocoa (~> 4.0)
    - RxSwift (~> 4.0)
  - RxSwift (4.3.1)
  - secp256k1.swift (0.1.4)
  - SipHash (1.2.2)
  - SnapKit (4.0.1)
  - Starscream (3.0.6)
  - SwiftCentrifuge (0.0.2):
    - Starscream
    - SwiftProtobuf
  - SwiftProtobuf (1.3.1)
  - SwiftValidator (4.0.0)
  - TPKeyboardAvoiding (1.3.2)
  - XLPagerTabStrip (8.1.1)
  - YandexMobileMetrica/Dynamic (3.2.0)

DEPENDENCIES:
  - AFDateHelper (~> 4.2.2)
  - Alamofire (= 4.7.3)
  - AlamofireImage (= 3.4.1)
  - Crashlytics (~> 3.10)
  - CryptoSwift
  - Fabric (~> 1.7)
  - KeychainSwift (= 12.0.0)
  - MinterCore (from `../MinterCore`)
  - MinterExplorer (from `../MinterExplorer`)
  - MinterMy (from `../MinterMy`)
  - NotificationBannerSwift (= 1.8.0)
  - ObjectMapper (~> 3.3)
  - ReachabilitySwift (~> 4.3)
  - RealmSwift (= 3.11.0)
  - RxAppState (= 1.2.0)
  - RxDataSources (~> 3.0)
  - RxSwift (= 4.3.1)
  - SwiftCentrifuge
  - SwiftValidator (from `https://github.com/jpotts18/SwiftValidator.git`, branch `master`)
  - TPKeyboardAvoiding (~> 1.3)
  - XLPagerTabStrip (~> 8.0)
  - YandexMobileMetrica/Dynamic (= 3.2.0)

SPEC REPOS:
  https://github.com/cocoapods/specs.git:
    - AFDateHelper
    - Alamofire
    - AlamofireImage
    - BigInt
    - Crashlytics
    - CryptoSwift
    - Differentiator
    - Fabric
    - KeychainSwift
    - MarqueeLabel
    - NotificationBannerSwift
    - ObjectMapper
    - ReachabilitySwift
    - Realm
    - RealmSwift
    - RxAppState
    - RxCocoa
    - RxDataSources
    - RxSwift
    - secp256k1.swift
    - SipHash
    - SnapKit
    - Starscream
    - SwiftCentrifuge
    - SwiftProtobuf
    - TPKeyboardAvoiding
    - XLPagerTabStrip
    - YandexMobileMetrica

EXTERNAL SOURCES:
  MinterCore:
    :path: "../MinterCore"
  MinterExplorer:
    :path: "../MinterExplorer"
  MinterMy:
    :path: "../MinterMy"
  SwiftValidator:
    :branch: master
    :git: https://github.com/jpotts18/SwiftValidator.git

CHECKOUT OPTIONS:
  SwiftValidator:
    :commit: c0ee801a2d107eca5f748d07932b449666d8effd
    :git: https://github.com/jpotts18/SwiftValidator.git

SPEC CHECKSUMS:
  AFDateHelper: 4ad66fb19503041fbba8a3018cb7ef9c71b2ff88
  Alamofire: c7287b6e5d7da964a70935e5db17046b7fde6568
  AlamofireImage: 78d67ccbb763d87ba44b21583d2153500a195630
  BigInt: 76b5dfdfa3e2e478d4ffdf161aeede5502e2742f
  Crashlytics: 07fb167b1694128c1c9a5a5cc319b0e9c3ca0933
  CryptoSwift: 35a10419f4dbf0619c13f8c1c180037e115323fa
  Differentiator: be49ca3408f0ecfc761e4c7763d20c62be01b9ad
  Fabric: f988e33c97f08930a413e08123064d2e5f68d655
  KeychainSwift: d5e776578587ee5958ce36601df22f168f65138a
  MarqueeLabel: 440a502b91a9179bd98f9fff00ba1150650a1c0e
  MinterCore: 0faba138069848f7ed98c33ee1e351b1d5ce62d8
  MinterExplorer: 42faf193e5d992d9dd157d6dcad70384700efd36
  MinterMy: 99a32a3b0b914f73509715f9c0f7952715808591
  NotificationBannerSwift: 49fc4be7fabada55b189b50e72184c92edd5f7f7
  ObjectMapper: 0d4402610f4e468903ae64629eec4784531e5c51
  ReachabilitySwift: 408477d1b6ed9779dba301953171e017c31241f3
  Realm: 92f09a102692b96a9a10e9617f214f15c5ab85fc
  RealmSwift: 5f0481cd658bb751c509314b964a35eaa264d2cf
  RxAppState: abff6ddb6cf6e0d7c3d7fec65e5892d5e856ba9b
  RxCocoa: 2f35a76bf8887872e28a1914112395b11b8e0e64
  RxDataSources: a843bad90c29817f5923ec8163f4af2de084ceb3
  RxSwift: fe0fd770a43acdb7d0a53da411c9b892e69bb6e4
  secp256k1.swift: a7e7a214f6db6ce5db32cc6b2b45e5c4dd633634
  SipHash: fad90a4683e420c52ef28063063dbbce248ea6d4
  SnapKit: 0de968a9fec17499afa29683b05d0c775b6d1c29
  Starscream: ef3ece99d765eeccb67de105bfa143f929026cf5
  SwiftCentrifuge: fa745a1fad5ace1c592eb8ceb21e06d28a080ae6
  SwiftProtobuf: 84cd6b8f4fd2fc3d9fbd80a0aaf2e957d52824ec
  SwiftValidator: 25ded5ca1f10c05adf57f6ac82a72d28ac8d91af
  TPKeyboardAvoiding: cb69d5ddbe90ce0170e4bc2db1e5e41d4a3ad9a4
  XLPagerTabStrip: 63166e21c9844fa30f2d95d30f335e73be5caf22
  YandexMobileMetrica: f18374ee6977a4cd1d0a86298a0df4ad7baf4135

PODFILE CHECKSUM: 9c5e4ae0150c5effed04a769dc3a5a46b0693e7e

COCOAPODS: 1.5.3
