PODS:
  - AEAccordion (2.1.0)
  - Alamofire (4.7.2)
  - BigInt (3.0.1):
    - SipHash (~> 1.2)
  - CKMnemonic (0.1.7):
    - CryptoSwift
  - CryptoSwift (0.9.0)
  - Differentiator (3.0.2)
  - ExpandableCell (1.2.2)
  - ExpyTableView (1.0)
  - GrowingTextView (0.5.6)
  - ImagePicker (3.0.0)
  - KeychainSwift (11.0.0)
  - McPicker (1.0.0)
  - MinterCore (0.1.1):
    - Alamofire (~> 4.6)
    - BigInt
    - CKMnemonic
    - CryptoSwift
    - ObjectMapper (~> 3.1)
    - secp256k1.swift
  - MinterExplorer (0.1.0):
    - MinterCore
  - MinterMy (0.1.2):
    - MinterCore
  - ObjectMapper (3.1.0)
  - Realm (3.5.0):
    - Realm/Headers (= 3.5.0)
  - Realm/Headers (3.5.0)
  - RealmSwift (3.5.0):
    - Realm (= 3.5.0)
  - RxCocoa (4.1.2):
    - RxSwift (~> 4.0)
  - RxDataSources (3.0.2):
    - Differentiator (~> 3.0)
    - RxCocoa (~> 4.0)
    - RxSwift (~> 4.0)
  - RxSwift (4.1.2)
  - secp256k1.swift (0.1.4)
  - SipHash (1.2.0)
  - SVProgressHUD (2.2.5)
  - SwiftValidator (4.0.0)
  - TPKeyboardAvoiding (1.3.2)

DEPENDENCIES:
  - AEAccordion
  - Alamofire
  - CKMnemonic
  - ExpandableCell (from `../ExpandableCell`)
  - ExpyTableView
  - GrowingTextView (~> 0.5.5)
  - ImagePicker
  - KeychainSwift
  - McPicker
  - MinterCore (from `../MinterCore`)
  - MinterExplorer (from `../MinterExplorer`)
  - MinterMy (from `../MinterMy`)
  - RealmSwift
  - RxDataSources
  - RxSwift
  - SVProgressHUD (from `https://github.com/SVProgressHUD/SVProgressHUD.git`)
  - SwiftValidator (from `https://github.com/jpotts18/SwiftValidator.git`, branch `master`)
  - TPKeyboardAvoiding

SPEC REPOS:
  https://github.com/CocoaPods/Specs.git:
    - AEAccordion
    - Alamofire
    - BigInt
    - CKMnemonic
    - CryptoSwift
    - Differentiator
    - ExpyTableView
    - GrowingTextView
    - ImagePicker
    - KeychainSwift
    - McPicker
    - ObjectMapper
    - Realm
    - RealmSwift
    - RxCocoa
    - RxDataSources
    - RxSwift
    - secp256k1.swift
    - SipHash
    - TPKeyboardAvoiding

EXTERNAL SOURCES:
  ExpandableCell:
    :path: "../ExpandableCell"
  MinterCore:
    :path: "../MinterCore"
  MinterExplorer:
    :path: "../MinterExplorer"
  MinterMy:
    :path: "../MinterMy"
  SVProgressHUD:
    :git: https://github.com/SVProgressHUD/SVProgressHUD.git
  SwiftValidator:
    :branch: master
    :git: https://github.com/jpotts18/SwiftValidator.git

CHECKOUT OPTIONS:
  SVProgressHUD:
    :commit: 7f676d51905ede045ca5dcaf82d4ba0d9f96addf
    :git: https://github.com/SVProgressHUD/SVProgressHUD.git
  SwiftValidator:
    :commit: ba27b0e501bf542b5c1a97bed8f706d12fb2d4f4
    :git: https://github.com/jpotts18/SwiftValidator.git

SPEC CHECKSUMS:
  AEAccordion: 5ad8bdc99478f76379857e5351547252a7cfbf12
  Alamofire: e4fa87002c137ba2d8d634d2c51fabcda0d5c223
  BigInt: 8e8a52161c745cd3ab78e3dc346a9fbee51e6cf6
  CKMnemonic: 88e745afffea6f3c719c799d9869a2ea5eb9f08b
  CryptoSwift: bca8c5b653dcc2d9734409242a070ff53bafac86
  Differentiator: a87be69eba49ec4ab460c7671143ee3a9eececfd
  ExpandableCell: 759ca4b0b7655e34f4b73c28eec5028e22c53c63
  ExpyTableView: 75fe6494d4613fd3dc4bd965cce6e14cec7e2223
  GrowingTextView: 8958f4fb7419de58dd622021b2d0696487e00e70
  ImagePicker: 973953c25960fe04729a7082a56194321c6762d2
  KeychainSwift: bea6bd9f98af7b8d7ca4aa79fe105c00fab532db
  McPicker: 130183cd3d22fc6933ea9e63c5a0d0d1becc0122
  MinterCore: 696e84a3e27a51dfed47564143789f8706139a6c
  MinterExplorer: d5784ab4fb1636fde9e3bae29c81525b2092307f
  MinterMy: a58b68a346872f7cee0524d879e31cd9214dc45b
  ObjectMapper: 20505058f54e5c3ca69e1d6de9897d152a5369a6
  Realm: 0378021c424e4e2bd6a0e63b27881e929d9b9ad1
  RealmSwift: 3322562622fda2ad596985ead4d8d8be30cf838c
  RxCocoa: d88ba0f1f6abf040011a9eb4b539324fc426843a
  RxDataSources: cb7c31e652a87ebb919da45f716bbb87b3765f6b
  RxSwift: e49536837d9901277638493ea537394d4b55f570
  secp256k1.swift: a7e7a214f6db6ce5db32cc6b2b45e5c4dd633634
  SipHash: c6e9e43e9c531b5bc6602545130c26194a6d31ce
  SVProgressHUD: 1428aafac632c1f86f62aa4243ec12008d7a51d6
  SwiftValidator: 25ded5ca1f10c05adf57f6ac82a72d28ac8d91af
  TPKeyboardAvoiding: cb69d5ddbe90ce0170e4bc2db1e5e41d4a3ad9a4

PODFILE CHECKSUM: 879a7ee0c7a32bf23bcb8d7e5eee59d5845d259b

COCOAPODS: 1.5.0
