PODS:
  - AFDateHelper (4.2.7)
  - Alamofire (4.7.3)
  - AlamofireImage (3.4.1):
    - Alamofire (~> 4.7)
  - BigInt (3.1.0):
    - SipHash (~> 1.2)
  - Crashlytics (3.14.0):
    - Fabric (~> 1.10.2)
  - CryptoSwift (1.1.2)
  - DeckTransition (2.2.0)
  - Differentiator (4.0.1)
  - Fabric (1.10.2)
  - GoldenKeystore (1.0.3):
    - TrezorCrypto (= 0.0.9)
  - GrowingTextView (0.7.1)
  - KeychainSwift (12.0.0)
  - MarqueeLabel/Swift (3.2.1)
  - MinterCore (0.1.26):
    - Alamofire (= 4.7.3)
    - BigInt (~> 3.0)
    - CryptoSwift (~> 1.0)
    - ObjectMapper (~> 3.1)
    - secp256k1.swift (~> 0.1)
  - MinterExplorer (0.1.15):
    - MinterCore
  - MinterMy (0.1.7):
    - MinterCore
  - NotificationBannerSwift (1.8.0):
    - MarqueeLabel/Swift (~> 3.2.0)
    - SnapKit (~> 4.0.1)
  - ObjectMapper (3.5.1)
  - ReachabilitySwift (4.3.1)
  - Realm (3.19.0):
    - Realm/Headers (= 3.19.0)
  - Realm/Headers (3.19.0)
  - RealmSwift (3.19.0):
    - Realm (= 3.19.0)
  - RxAppState (1.6.0):
    - RxCocoa (~> 5.0)
    - RxSwift (~> 5.0)
  - RxBiBinding (0.2.5):
    - RxCocoa (~> 5.0)
    - RxSwift (~> 5.0)
  - RxCocoa (5.0.0):
    - RxRelay (~> 5)
    - RxSwift (~> 5)
  - RxDataSources (4.0.1):
    - Differentiator (~> 4.0)
    - RxCocoa (~> 5.0)
    - RxSwift (~> 5.0)
  - RxGesture (3.0.1):
    - RxCocoa (~> 5.0)
    - RxSwift (~> 5.0)
  - RxRelay (5.0.0):
    - RxSwift (~> 5)
  - RxSwift (5.0.0)
  - secp256k1.swift (0.1.4)
  - SipHash (1.2.2)
  - SnapKit (4.0.1)
  - Starscream (3.1.1)
  - SwiftCentrifuge (0.0.2):
    - Starscream
    - SwiftProtobuf
  - SwiftLint (0.35.0)
  - SwiftProtobuf (1.7.0)
  - SwiftValidator (4.0.0)
  - TPKeyboardAvoiding (1.3.3)
  - TrezorCrypto (0.0.9)
  - XLPagerTabStrip (8.1.1)
  - YandexMobileMetrica/Dynamic (3.2.0)

DEPENDENCIES:
  - AFDateHelper (~> 4.2.2)
  - Alamofire
  - AlamofireImage
  - Crashlytics (~> 3.10)
  - CryptoSwift (~> 1.0)
  - DeckTransition (~> 2.0)
  - Fabric (~> 1.7)
  - GoldenKeystore (from `https://github.com/sidorov-panda/GoldenKeystore`)
  - GrowingTextView
  - KeychainSwift (= 12.0.0)
  - MinterCore (from `https://github.com/MinterTeam/minter-ios-core.git`, branch `master`)
  - MinterExplorer (from `../../minter-ios-explorer`)
  - MinterMy (from `../../minter-ios-my`)
  - NotificationBannerSwift (= 1.8.0)
  - ObjectMapper (~> 3.3)
  - ReachabilitySwift (~> 4.3)
  - RealmSwift (from `https://github.com/realm/realm-cocoa.git`, branch `master`)
  - RxAppState
  - RxBiBinding
  - RxDataSources
  - RxGesture
  - RxSwift
  - SwiftCentrifuge
  - SwiftLint
  - SwiftValidator (from `https://github.com/jpotts18/SwiftValidator.git`, branch `master`)
  - TPKeyboardAvoiding (~> 1.3)
  - XLPagerTabStrip (~> 8.0)
  - YandexMobileMetrica/Dynamic (= 3.2.0)

SPEC REPOS:
  https://github.com/CocoaPods/Specs.git:
    - AFDateHelper
    - Alamofire
    - AlamofireImage
    - BigInt
    - Crashlytics
    - CryptoSwift
    - DeckTransition
    - Differentiator
    - Fabric
    - GrowingTextView
    - KeychainSwift
    - MarqueeLabel
    - NotificationBannerSwift
    - ObjectMapper
    - ReachabilitySwift
    - Realm
    - RxAppState
    - RxBiBinding
    - RxCocoa
    - RxDataSources
    - RxGesture
    - RxRelay
    - RxSwift
    - secp256k1.swift
    - SipHash
    - SnapKit
    - Starscream
    - SwiftCentrifuge
    - SwiftLint
    - SwiftProtobuf
    - TPKeyboardAvoiding
    - TrezorCrypto
    - XLPagerTabStrip
    - YandexMobileMetrica

EXTERNAL SOURCES:
  GoldenKeystore:
    :git: https://github.com/sidorov-panda/GoldenKeystore
  MinterCore:
    :branch: master
    :git: https://github.com/MinterTeam/minter-ios-core.git
  MinterExplorer:
    :path: "../../minter-ios-explorer"
  MinterMy:
    :path: "../../minter-ios-my"
  RealmSwift:
    :branch: master
    :git: https://github.com/realm/realm-cocoa.git
    :submodules: true
  SwiftValidator:
    :branch: master
    :git: https://github.com/jpotts18/SwiftValidator.git

CHECKOUT OPTIONS:
  GoldenKeystore:
    :commit: 2f58a6eb405561bec305d5a197bcaa1514eed77e
    :git: https://github.com/sidorov-panda/GoldenKeystore
  MinterCore:
    :commit: 7b27ee8195e7b657d661f5d212d31ab89f98c3cc
    :git: https://github.com/MinterTeam/minter-ios-core.git
  RealmSwift:
    :commit: 6d52751b9c9aa7e6e6b8413721543133a05ad79e
    :git: https://github.com/realm/realm-cocoa.git
    :submodules: true
  SwiftValidator:
    :commit: d370353b7a0ce758a53b189c81e485dcd53c99a4
    :git: https://github.com/jpotts18/SwiftValidator.git

SPEC CHECKSUMS:
  AFDateHelper: 4ad66fb19503041fbba8a3018cb7ef9c71b2ff88
  Alamofire: c7287b6e5d7da964a70935e5db17046b7fde6568
  AlamofireImage: 78d67ccbb763d87ba44b21583d2153500a195630
  BigInt: 76b5dfdfa3e2e478d4ffdf161aeede5502e2742f
  Crashlytics: 540b7e5f5da5a042647227a5e3ac51d85eed06df
  CryptoSwift: 31dacd1f13427439ddae5b5cbaae4c8dbc43047e
  DeckTransition: c705e1f6bf8d63a3515a91d8a41be7038005bf35
  Differentiator: 886080237d9f87f322641dedbc5be257061b0602
  Fabric: 706c8b8098fff96c33c0db69cbf81f9c551d0d74
  GoldenKeystore: 6d176bbb332a4abb99024ebce06a3e3067c73a8a
  GrowingTextView: 6dff7eedf2fc93f8378d20d456782afd0267b0cc
  KeychainSwift: d5e776578587ee5958ce36601df22f168f65138a
  MarqueeLabel: 2daf039bf916937c8a4c9adfc13577cc5e51b4ce
  MinterCore: 524460f52445065280ee8b4d365216b3772670f9
  MinterExplorer: 27c5ba3bef42457fab572b8102b71c582f3f3c6a
  MinterMy: 4198c68f2dbdcced3cb6cbe86a6d300b81433288
  NotificationBannerSwift: 49fc4be7fabada55b189b50e72184c92edd5f7f7
  ObjectMapper: 70187b8941977c62ccfb423caf6b50be405cabf0
  ReachabilitySwift: 4032e2f59586e11e3b0ebe15b167abdd587a388b
  Realm: 995d585bcf699aaff226715886c849a29dd3d07f
  RealmSwift: 35f284a537989f2187b413e5917091948cb87a3f
  RxAppState: b633d7370970ecb80081912ea08a7bf3eb644b4e
  RxBiBinding: 6cc627d9e0dfa0b2ce8470cd7e539f3cb100f782
  RxCocoa: fcf32050ac00d801f34a7f71d5e8e7f23026dcd8
  RxDataSources: efee07fa4de48477eca0a4611e6d11e2da9c1114
  RxGesture: a3f8dd6adf078110ed5e1c9c30d09d705a09852e
  RxRelay: 4f7409406a51a55cd88483f21ed898c234d60f18
  RxSwift: 8b0671caa829a763bbce7271095859121cbd895f
  secp256k1.swift: a7e7a214f6db6ce5db32cc6b2b45e5c4dd633634
  SipHash: fad90a4683e420c52ef28063063dbbce248ea6d4
  SnapKit: 0de968a9fec17499afa29683b05d0c775b6d1c29
  Starscream: 4bb2f9942274833f7b4d296a55504dcfc7edb7b0
  SwiftCentrifuge: fa745a1fad5ace1c592eb8ceb21e06d28a080ae6
  SwiftLint: 5553187048b900c91aa03552807681bb6b027846
  SwiftProtobuf: 4fd9645e69b72cbae6ec8da5be0cdd20ca6565dd
  SwiftValidator: 249b6b3ae3b294266c5b9de134d94f18f2d5aa47
  TPKeyboardAvoiding: 6dd3fe3268b8f2627beb7ff3d82a3cacbdf66a36
  TrezorCrypto: bfeea47a052dca2c77d4a39e1e183865e52de14d
  XLPagerTabStrip: 63166e21c9844fa30f2d95d30f335e73be5caf22
  YandexMobileMetrica: f18374ee6977a4cd1d0a86298a0df4ad7baf4135

PODFILE CHECKSUM: 9fdc9847dc97feed1d0a17026b88e9bf4e72c11a

COCOAPODS: 1.8.4
